
Microsoft Visual Studio Solution File, Format Version 12.00
# Visual Studio 15
VisualStudioVersion = 15.0.26430.16
MinimumVisualStudioVersion = 10.0.40219.1
Project("{2150E333-8FDC-42A3-9474-1A3956D46DE8}") = ".nuget", ".nuget", "{3BF56D08-A746-4B6A-BAD5-5678D159E04B}"
	ProjectSection(SolutionItems) = preProject
		.nuget\NuGet.Config = .nuget\NuGet.Config
		.nuget\NuGet.exe = .nuget\NuGet.exe
		.nuget\NuGet.targets = .nuget\NuGet.targets
	EndProjectSection
EndProject
Project("{FAE04EC0-301F-11D3-BF4B-00C04F79EFBC}") = "Howbrite.Web", "Howbrite.Web\Howbrite.Web.csproj", "{69C63610-E9D2-43E3-8903-38693A1687C6}"
EndProject
Project("{FAE04EC0-301F-11D3-BF4B-00C04F79EFBC}") = "Clifton.Payment", "Clifton.Payment\Clifton.Payment\Clifton.Payment.csproj", "{6663927B-1279-462D-9894-160911726ACF}"
EndProject
Project("{FAE04EC0-301F-11D3-BF4B-00C04F79EFBC}") = "Clifton.Payment.Tests", "Clifton.Payment\Clifton.Payment.Tests\Clifton.Payment.Tests.csproj", "{0C9E3BFC-DB34-4552-8311-1CF2D6E395F4}"
EndProject
Global
	GlobalSection(SolutionConfigurationPlatforms) = preSolution
		Debug|Any CPU = Debug|Any CPU
		Release|Any CPU = Release|Any CPU
	EndGlobalSection
	GlobalSection(ProjectConfigurationPlatforms) = postSolution
		{69C63610-E9D2-43E3-8903-38693A1687C6}.Debug|Any CPU.ActiveCfg = Debug|Any CPU
		{69C63610-E9D2-43E3-8903-38693A1687C6}.Debug|Any CPU.Build.0 = Debug|Any CPU
		{69C63610-E9D2-43E3-8903-38693A1687C6}.Release|Any CPU.ActiveCfg = Release|Any CPU
		{69C63610-E9D2-43E3-8903-38693A1687C6}.Release|Any CPU.Build.0 = Release|Any CPU
		{6663927B-1279-462D-9894-160911726ACF}.Debug|Any CPU.ActiveCfg = Debug|Any CPU
		{6663927B-1279-462D-9894-160911726ACF}.Debug|Any CPU.Build.0 = Debug|Any CPU
		{6663927B-1279-462D-9894-160911726ACF}.Release|Any CPU.ActiveCfg = Release|Any CPU
		{6663927B-1279-462D-9894-160911726ACF}.Release|Any CPU.Build.0 = Release|Any CPU
		{0C9E3BFC-DB34-4552-8311-1CF2D6E395F4}.Debug|Any CPU.ActiveCfg = Debug|Any CPU
		{0C9E3BFC-DB34-4552-8311-1CF2D6E395F4}.Debug|Any CPU.Build.0 = Debug|Any CPU
		{0C9E3BFC-DB34-4552-8311-1CF2D6E395F4}.Release|Any CPU.ActiveCfg = Release|Any CPU
		{0C9E3BFC-DB34-4552-8311-1CF2D6E395F4}.Release|Any CPU.Build.0 = Release|Any CPU
	EndGlobalSection
	GlobalSection(SolutionProperties) = preSolution
		HideSolutionNode = FALSE
	EndGlobalSection
	GlobalSection(ExtensibilityGlobals) = postSolution
		SolutionGuid = {8650C37A-3A8B-4E5E-85EB-19501956E65B}
	EndGlobalSection
EndGlobal
